
Microsoft Visual Studio Solution File, Format Version 12.00
# Visual Studio 2012
Project("{FAE04EC0-301F-11D3-BF4B-00C04F79EFBC}") = "ClassicEdmxViewGenT4TemplateCSharp", "EF5EdmxViewGenT4TemplatesCSharp\ClassicEdmxViewGenT4TemplateCSharp.csproj", "{8A280BAE-7FEF-4170-A66F-8D9BCDAA2944}"
EndProject
Project("{FAE04EC0-301F-11D3-BF4B-00C04F79EFBC}") = "ClassicEdmxViewGenT4TemplateVBNet", "EF5EdmxViewGenT4TemplatesVBNet\ClassicEdmxViewGenT4TemplateVBNet.csproj", "{B1C8812A-D6DC-463F-8FF8-DB287FE72A13}"
EndProject
Global
	GlobalSection(SolutionConfigurationPlatforms) = preSolution
		Debug|Any CPU = Debug|Any CPU
		Release|Any CPU = Release|Any CPU
	EndGlobalSection
	GlobalSection(ProjectConfigurationPlatforms) = postSolution
		{8A280BAE-7FEF-4170-A66F-8D9BCDAA2944}.Debug|Any CPU.ActiveCfg = Debug|Any CPU
		{8A280BAE-7FEF-4170-A66F-8D9BCDAA2944}.Debug|Any CPU.Build.0 = Debug|Any CPU
		{8A280BAE-7FEF-4170-A66F-8D9BCDAA2944}.Release|Any CPU.ActiveCfg = Release|Any CPU
		{8A280BAE-7FEF-4170-A66F-8D9BCDAA2944}.Release|Any CPU.Build.0 = Release|Any CPU
		{B1C8812A-D6DC-463F-8FF8-DB287FE72A13}.Debug|Any CPU.ActiveCfg = Debug|Any CPU
		{B1C8812A-D6DC-463F-8FF8-DB287FE72A13}.Debug|Any CPU.Build.0 = Debug|Any CPU
		{B1C8812A-D6DC-463F-8FF8-DB287FE72A13}.Release|Any CPU.ActiveCfg = Release|Any CPU
		{B1C8812A-D6DC-463F-8FF8-DB287FE72A13}.Release|Any CPU.Build.0 = Release|Any CPU
	EndGlobalSection
	GlobalSection(SolutionProperties) = preSolution
		HideSolutionNode = FALSE
	EndGlobalSection
EndGlobal
